
Microsoft Visual Studio Solution File, Format Version 12.00
# Visual Studio Version 17
VisualStudioVersion = 17.8.34330.188
MinimumVisualStudioVersion = 10.0.40219.1
Project("{FAE04EC0-301F-11D3-BF4B-00C04F79EFBC}") = "ITLATv.Database", "ITLATv.Database\ITLATv.Database.csproj", "{3BE44157-B794-47F1-B748-82AD184CE3AE}"
EndProject
Project("{FAE04EC0-301F-11D3-BF4B-00C04F79EFBC}") = "ITLATv.Application", "ITLATv.Application\ITLATv.Application.csproj", "{FFE6D01E-B376-4FD7-80F6-F5F4EDF28197}"
EndProject
Project("{FAE04EC0-301F-11D3-BF4B-00C04F79EFBC}") = "ITLATv.WebApp", "ITLATv.WebApp\ITLATv.WebApp.csproj", "{7CBEE544-9E0B-4543-AEDD-6BE7EAAF5345}"
EndProject
Global
	GlobalSection(SolutionConfigurationPlatforms) = preSolution
		Debug|Any CPU = Debug|Any CPU
		Release|Any CPU = Release|Any CPU
	EndGlobalSection
	GlobalSection(ProjectConfigurationPlatforms) = postSolution
		{3BE44157-B794-47F1-B748-82AD184CE3AE}.Debug|Any CPU.ActiveCfg = Debug|Any CPU
		{3BE44157-B794-47F1-B748-82AD184CE3AE}.Debug|Any CPU.Build.0 = Debug|Any CPU
		{3BE44157-B794-47F1-B748-82AD184CE3AE}.Release|Any CPU.ActiveCfg = Release|Any CPU
		{3BE44157-B794-47F1-B748-82AD184CE3AE}.Release|Any CPU.Build.0 = Release|Any CPU
		{FFE6D01E-B376-4FD7-80F6-F5F4EDF28197}.Debug|Any CPU.ActiveCfg = Debug|Any CPU
		{FFE6D01E-B376-4FD7-80F6-F5F4EDF28197}.Debug|Any CPU.Build.0 = Debug|Any CPU
		{FFE6D01E-B376-4FD7-80F6-F5F4EDF28197}.Release|Any CPU.ActiveCfg = Release|Any CPU
		{FFE6D01E-B376-4FD7-80F6-F5F4EDF28197}.Release|Any CPU.Build.0 = Release|Any CPU
		{7CBEE544-9E0B-4543-AEDD-6BE7EAAF5345}.Debug|Any CPU.ActiveCfg = Debug|Any CPU
		{7CBEE544-9E0B-4543-AEDD-6BE7EAAF5345}.Debug|Any CPU.Build.0 = Debug|Any CPU
		{7CBEE544-9E0B-4543-AEDD-6BE7EAAF5345}.Release|Any CPU.ActiveCfg = Release|Any CPU
		{7CBEE544-9E0B-4543-AEDD-6BE7EAAF5345}.Release|Any CPU.Build.0 = Release|Any CPU
	EndGlobalSection
	GlobalSection(SolutionProperties) = preSolution
		HideSolutionNode = FALSE
	EndGlobalSection
	GlobalSection(ExtensibilityGlobals) = postSolution
		SolutionGuid = {27BF5998-A462-41F4-B5B2-553ED9B7A195}
	EndGlobalSection
EndGlobal
